// !$*UTF8*$!
{
	archiveVersion = 1;
	classes = {
	};
	objectVersion = 46;
	objects = {

/* Begin PBXBuildFile section */
		CC09DE0418E10EB400807925 /* CSListViewController.m in Sources */ = {isa = PBXBuildFile; fileRef = CC09DE0318E10EB400807925 /* CSListViewController.m */; };
		CC09DE0718E1150D00807925 /* tab_line_shadow@2x.png in Resources */ = {isa = PBXBuildFile; fileRef = CC09DE0618E1150D00807925 /* tab_line_shadow@2x.png */; };
		CC11413018D9450600A57278 /* CSHomeViewController.m in Sources */ = {isa = PBXBuildFile; fileRef = CC11412F18D9450600A57278 /* CSHomeViewController.m */; };
		CC11413618D9743500A57278 /* CSLeftViewController.m in Sources */ = {isa = PBXBuildFile; fileRef = CC11413518D9743500A57278 /* CSLeftViewController.m */; };
		CC11414218D9749F00A57278 /* MMDrawerBarButtonItem.m in Sources */ = {isa = PBXBuildFile; fileRef = CC11413A18D9749F00A57278 /* MMDrawerBarButtonItem.m */; };
		CC11414318D9749F00A57278 /* MMDrawerController.m in Sources */ = {isa = PBXBuildFile; fileRef = CC11413D18D9749F00A57278 /* MMDrawerController.m */; };
		CC11414418D9749F00A57278 /* MMDrawerVisualState.m in Sources */ = {isa = PBXBuildFile; fileRef = CC11413F18D9749F00A57278 /* MMDrawerVisualState.m */; };
		CC11414518D9749F00A57278 /* UIViewController+MMDrawerController.m in Sources */ = {isa = PBXBuildFile; fileRef = CC11414118D9749F00A57278 /* UIViewController+MMDrawerController.m */; };
		CC11414818D9835400A57278 /* CSNavigationController.m in Sources */ = {isa = PBXBuildFile; fileRef = CC11414718D9835400A57278 /* CSNavigationController.m */; };
		CC11414B18D98FC300A57278 /* CSDrawerVisualStateManager.m in Sources */ = {isa = PBXBuildFile; fileRef = CC11414A18D98FC300A57278 /* CSDrawerVisualStateManager.m */; };
		CC30ABBB18DFDE07000D9BB9 /* CSLoginViewController.m in Sources */ = {isa = PBXBuildFile; fileRef = CC30ABBA18DFDE07000D9BB9 /* CSLoginViewController.m */; };
		CC30ABBE18DFDE37000D9BB9 /* CSRegisterViewController.m in Sources */ = {isa = PBXBuildFile; fileRef = CC30ABBD18DFDE37000D9BB9 /* CSRegisterViewController.m */; };
		CC30ABD318DFFD5C000D9BB9 /* AFHTTPRequestOperation.m in Sources */ = {isa = PBXBuildFile; fileRef = CC30ABC118DFFD5C000D9BB9 /* AFHTTPRequestOperation.m */; };
		CC30ABD418DFFD5C000D9BB9 /* AFHTTPRequestOperationManager.m in Sources */ = {isa = PBXBuildFile; fileRef = CC30ABC318DFFD5C000D9BB9 /* AFHTTPRequestOperationManager.m */; };
		CC30ABD518DFFD5C000D9BB9 /* AFHTTPSessionManager.m in Sources */ = {isa = PBXBuildFile; fileRef = CC30ABC518DFFD5C000D9BB9 /* AFHTTPSessionManager.m */; };
		CC30ABD618DFFD5C000D9BB9 /* AFNetworkReachabilityManager.m in Sources */ = {isa = PBXBuildFile; fileRef = CC30ABC818DFFD5C000D9BB9 /* AFNetworkReachabilityManager.m */; };
		CC30ABD718DFFD5C000D9BB9 /* AFSecurityPolicy.m in Sources */ = {isa = PBXBuildFile; fileRef = CC30ABCA18DFFD5C000D9BB9 /* AFSecurityPolicy.m */; };
		CC30ABD818DFFD5C000D9BB9 /* AFURLConnectionOperation.m in Sources */ = {isa = PBXBuildFile; fileRef = CC30ABCC18DFFD5C000D9BB9 /* AFURLConnectionOperation.m */; };
		CC30ABD918DFFD5C000D9BB9 /* AFURLRequestSerialization.m in Sources */ = {isa = PBXBuildFile; fileRef = CC30ABCE18DFFD5C000D9BB9 /* AFURLRequestSerialization.m */; };
		CC30ABDA18DFFD5C000D9BB9 /* AFURLResponseSerialization.m in Sources */ = {isa = PBXBuildFile; fileRef = CC30ABD018DFFD5C000D9BB9 /* AFURLResponseSerialization.m */; };
		CC30ABDB18DFFD5C000D9BB9 /* AFURLSessionManager.m in Sources */ = {isa = PBXBuildFile; fileRef = CC30ABD218DFFD5C000D9BB9 /* AFURLSessionManager.m */; };
		CC39E77418D8324100D2F4A6 /* Foundation.framework in Frameworks */ = {isa = PBXBuildFile; fileRef = CC39E77318D8324100D2F4A6 /* Foundation.framework */; };
		CC39E77618D8324100D2F4A6 /* CoreGraphics.framework in Frameworks */ = {isa = PBXBuildFile; fileRef = CC39E77518D8324100D2F4A6 /* CoreGraphics.framework */; };
		CC39E77818D8324100D2F4A6 /* UIKit.framework in Frameworks */ = {isa = PBXBuildFile; fileRef = CC39E77718D8324100D2F4A6 /* UIKit.framework */; };
		CC39E77E18D8324100D2F4A6 /* InfoPlist.strings in Resources */ = {isa = PBXBuildFile; fileRef = CC39E77C18D8324100D2F4A6 /* InfoPlist.strings */; };
		CC39E78018D8324100D2F4A6 /* main.m in Sources */ = {isa = PBXBuildFile; fileRef = CC39E77F18D8324100D2F4A6 /* main.m */; };
		CC39E78418D8324100D2F4A6 /* AppDelegate.m in Sources */ = {isa = PBXBuildFile; fileRef = CC39E78318D8324100D2F4A6 /* AppDelegate.m */; };
		CC39E78718D8324100D2F4A6 /* Main.storyboard in Resources */ = {isa = PBXBuildFile; fileRef = CC39E78518D8324100D2F4A6 /* Main.storyboard */; };
		CC39E78A18D8324100D2F4A6 /* ViewController.m in Sources */ = {isa = PBXBuildFile; fileRef = CC39E78918D8324100D2F4A6 /* ViewController.m */; };
		CC39E78C18D8324100D2F4A6 /* Images.xcassets in Resources */ = {isa = PBXBuildFile; fileRef = CC39E78B18D8324100D2F4A6 /* Images.xcassets */; };
		CC39E79318D8324200D2F4A6 /* XCTest.framework in Frameworks */ = {isa = PBXBuildFile; fileRef = CC39E79218D8324200D2F4A6 /* XCTest.framework */; };
		CC39E79418D8324200D2F4A6 /* Foundation.framework in Frameworks */ = {isa = PBXBuildFile; fileRef = CC39E77318D8324100D2F4A6 /* Foundation.framework */; };
		CC39E79518D8324200D2F4A6 /* UIKit.framework in Frameworks */ = {isa = PBXBuildFile; fileRef = CC39E77718D8324100D2F4A6 /* UIKit.framework */; };
		CC39E79D18D8324200D2F4A6 /* InfoPlist.strings in Resources */ = {isa = PBXBuildFile; fileRef = CC39E79B18D8324200D2F4A6 /* InfoPlist.strings */; };
		CC39E79F18D8324200D2F4A6 /* ChangTalkTests.m in Sources */ = {isa = PBXBuildFile; fileRef = CC39E79E18D8324200D2F4A6 /* ChangTalkTests.m */; };
		CC49526918E3BC4800796020 /* CycleScrollView.m in Sources */ = {isa = PBXBuildFile; fileRef = CC49526618E3BC4800796020 /* CycleScrollView.m */; };
		CC49526A18E3BC4800796020 /* NSTimer+Addition.m in Sources */ = {isa = PBXBuildFile; fileRef = CC49526818E3BC4800796020 /* NSTimer+Addition.m */; };
		CC49526E18E3C1C400796020 /* CSSlideSwitchView.m in Sources */ = {isa = PBXBuildFile; fileRef = CC49526D18E3C1C400796020 /* CSSlideSwitchView.m */; };
		CC49528D18E3C6AC00796020 /* MKAnnotationView+WebCache.m in Sources */ = {isa = PBXBuildFile; fileRef = CC49527118E3C6AC00796020 /* MKAnnotationView+WebCache.m */; };
		CC49528E18E3C6AC00796020 /* NSData+ImageContentType.m in Sources */ = {isa = PBXBuildFile; fileRef = CC49527318E3C6AC00796020 /* NSData+ImageContentType.m */; };
		CC49528F18E3C6AC00796020 /* SDImageCache.m in Sources */ = {isa = PBXBuildFile; fileRef = CC49527518E3C6AC00796020 /* SDImageCache.m */; };
		CC49529018E3C6AC00796020 /* SDWebImageCompat.m in Sources */ = {isa = PBXBuildFile; fileRef = CC49527718E3C6AC00796020 /* SDWebImageCompat.m */; };
		CC49529118E3C6AC00796020 /* SDWebImageDecoder.m in Sources */ = {isa = PBXBuildFile; fileRef = CC49527918E3C6AC00796020 /* SDWebImageDecoder.m */; };
		CC49529218E3C6AC00796020 /* SDWebImageDownloader.m in Sources */ = {isa = PBXBuildFile; fileRef = CC49527B18E3C6AC00796020 /* SDWebImageDownloader.m */; };
		CC49529318E3C6AC00796020 /* SDWebImageDownloaderOperation.m in Sources */ = {isa = PBXBuildFile; fileRef = CC49527D18E3C6AC00796020 /* SDWebImageDownloaderOperation.m */; };
		CC49529418E3C6AC00796020 /* SDWebImageManager.m in Sources */ = {isa = PBXBuildFile; fileRef = CC49527F18E3C6AC00796020 /* SDWebImageManager.m */; };
		CC49529518E3C6AC00796020 /* SDWebImagePrefetcher.m in Sources */ = {isa = PBXBuildFile; fileRef = CC49528218E3C6AC00796020 /* SDWebImagePrefetcher.m */; };
		CC49529618E3C6AC00796020 /* UIButton+WebCache.m in Sources */ = {isa = PBXBuildFile; fileRef = CC49528418E3C6AC00796020 /* UIButton+WebCache.m */; };
		CC49529718E3C6AC00796020 /* UIImage+GIF.m in Sources */ = {isa = PBXBuildFile; fileRef = CC49528618E3C6AC00796020 /* UIImage+GIF.m */; };
		CC49529818E3C6AC00796020 /* UIImage+MultiFormat.m in Sources */ = {isa = PBXBuildFile; fileRef = CC49528818E3C6AC00796020 /* UIImage+MultiFormat.m */; };
		CC49529918E3C6AC00796020 /* UIImage+WebP.m in Sources */ = {isa = PBXBuildFile; fileRef = CC49528A18E3C6AC00796020 /* UIImage+WebP.m */; };
		CC49529A18E3C6AC00796020 /* UIImageView+WebCache.m in Sources */ = {isa = PBXBuildFile; fileRef = CC49528C18E3C6AC00796020 /* UIImageView+WebCache.m */; };
		CC49529C18E3C94C00796020 /* placeholderImage.png in Resources */ = {isa = PBXBuildFile; fileRef = CC49529B18E3C94C00796020 /* placeholderImage.png */; };
		CC4952BF18E4206200796020 /* CircleView.m in Sources */ = {isa = PBXBuildFile; fileRef = CC4952BC18E4206200796020 /* CircleView.m */; };
		CC4952C018E4206200796020 /* EGORefreshTableHeaderView.m in Sources */ = {isa = PBXBuildFile; fileRef = CC4952BE18E4206200796020 /* EGORefreshTableHeaderView.m */; };
		CC4952C518E42B8A00796020 /* NSDate+TimeAgo.m in Sources */ = {isa = PBXBuildFile; fileRef = CC4952C318E42B8A00796020 /* NSDate+TimeAgo.m */; };
		CC4952C618E42B8A00796020 /* NSDateTimeAgo.bundle in Resources */ = {isa = PBXBuildFile; fileRef = CC4952C418E42B8A00796020 /* NSDateTimeAgo.bundle */; };
		CC5A742D18E53B1100A6EF32 /* NewsItem.m in Sources */ = {isa = PBXBuildFile; fileRef = CC5A742C18E53B1100A6EF32 /* NewsItem.m */; };
		CC6B91E518E1699400960566 /* Default-568h@2x.png in Resources */ = {isa = PBXBuildFile; fileRef = CC6B91E218E1699400960566 /* Default-568h@2x.png */; };
		CC6B91E718E1699400960566 /* Default@2x.png in Resources */ = {isa = PBXBuildFile; fileRef = CC6B91E418E1699400960566 /* Default@2x.png */; };
		CC6B91E918E175E400960566 /* Default.png in Resources */ = {isa = PBXBuildFile; fileRef = CC6B91E818E175E400960566 /* Default.png */; };
		CC6B91EC18E17DAB00960566 /* CSNewsViewController.m in Sources */ = {isa = PBXBuildFile; fileRef = CC6B91EB18E17DAB00960566 /* CSNewsViewController.m */; };
		CC6BB92618E25DB4009CD9B5 /* NewsTableViewCell.m in Sources */ = {isa = PBXBuildFile; fileRef = CC6BB92418E25DB4009CD9B5 /* NewsTableViewCell.m */; };
		CCCFAC6B18E2B5D300EDA9FB /* AESCrypt.m in Sources */ = {isa = PBXBuildFile; fileRef = CCCFAC6418E2B5D300EDA9FB /* AESCrypt.m */; };
		CCCFAC6C18E2B5D300EDA9FB /* NSData+Base64.m in Sources */ = {isa = PBXBuildFile; fileRef = CCCFAC6618E2B5D300EDA9FB /* NSData+Base64.m */; };
		CCCFAC6D18E2B5D300EDA9FB /* NSData+CommonCrypto.m in Sources */ = {isa = PBXBuildFile; fileRef = CCCFAC6818E2B5D300EDA9FB /* NSData+CommonCrypto.m */; };
		CCCFAC6E18E2B5D300EDA9FB /* NSString+Base64.m in Sources */ = {isa = PBXBuildFile; fileRef = CCCFAC6A18E2B5D300EDA9FB /* NSString+Base64.m */; };
/* End PBXBuildFile section */

/* Begin PBXContainerItemProxy section */
		CC39E79618D8324200D2F4A6 /* PBXContainerItemProxy */ = {
			isa = PBXContainerItemProxy;
			containerPortal = CC39E76818D8324100D2F4A6 /* Project object */;
			proxyType = 1;
			remoteGlobalIDString = CC39E76F18D8324100D2F4A6;
			remoteInfo = ChangTalk;
		};
/* End PBXContainerItemProxy section */

/* Begin PBXFileReference section */
		CC09DE0218E10EB400807925 /* CSListViewController.h */ = {isa = PBXFileReference; fileEncoding = 4; lastKnownFileType = sourcecode.c.h; path = CSListViewController.h; sourceTree = "<group>"; };
		CC09DE0318E10EB400807925 /* CSListViewController.m */ = {isa = PBXFileReference; fileEncoding = 4; lastKnownFileType = sourcecode.c.objc; path = CSListViewController.m; sourceTree = "<group>"; };
		CC09DE0618E1150D00807925 /* tab_line_shadow@2x.png */ = {isa = PBXFileReference; lastKnownFileType = image.png; path = "tab_line_shadow@2x.png"; sourceTree = "<group>"; };
		CC11412E18D9450600A57278 /* CSHomeViewController.h */ = {isa = PBXFileReference; fileEncoding = 4; lastKnownFileType = sourcecode.c.h; path = CSHomeViewController.h; sourceTree = "<group>"; };
		CC11412F18D9450600A57278 /* CSHomeViewController.m */ = {isa = PBXFileReference; fileEncoding = 4; lastKnownFileType = sourcecode.c.objc; path = CSHomeViewController.m; sourceTree = "<group>"; };
		CC11413418D9743500A57278 /* CSLeftViewController.h */ = {isa = PBXFileReference; fileEncoding = 4; lastKnownFileType = sourcecode.c.h; path = CSLeftViewController.h; sourceTree = "<group>"; };
		CC11413518D9743500A57278 /* CSLeftViewController.m */ = {isa = PBXFileReference; fileEncoding = 4; lastKnownFileType = sourcecode.c.objc; path = CSLeftViewController.m; sourceTree = "<group>"; };
		CC11413918D9749F00A57278 /* MMDrawerBarButtonItem.h */ = {isa = PBXFileReference; fileEncoding = 4; lastKnownFileType = sourcecode.c.h; path = MMDrawerBarButtonItem.h; sourceTree = "<group>"; };
		CC11413A18D9749F00A57278 /* MMDrawerBarButtonItem.m */ = {isa = PBXFileReference; fileEncoding = 4; lastKnownFileType = sourcecode.c.objc; path = MMDrawerBarButtonItem.m; sourceTree = "<group>"; };
		CC11413B18D9749F00A57278 /* MMDrawerController+Subclass.h */ = {isa = PBXFileReference; fileEncoding = 4; lastKnownFileType = sourcecode.c.h; path = "MMDrawerController+Subclass.h"; sourceTree = "<group>"; };
		CC11413C18D9749F00A57278 /* MMDrawerController.h */ = {isa = PBXFileReference; fileEncoding = 4; lastKnownFileType = sourcecode.c.h; path = MMDrawerController.h; sourceTree = "<group>"; };
		CC11413D18D9749F00A57278 /* MMDrawerController.m */ = {isa = PBXFileReference; fileEncoding = 4; lastKnownFileType = sourcecode.c.objc; path = MMDrawerController.m; sourceTree = "<group>"; };
		CC11413E18D9749F00A57278 /* MMDrawerVisualState.h */ = {isa = PBXFileReference; fileEncoding = 4; lastKnownFileType = sourcecode.c.h; path = MMDrawerVisualState.h; sourceTree = "<group>"; };
		CC11413F18D9749F00A57278 /* MMDrawerVisualState.m */ = {isa = PBXFileReference; fileEncoding = 4; lastKnownFileType = sourcecode.c.objc; path = MMDrawerVisualState.m; sourceTree = "<group>"; };
		CC11414018D9749F00A57278 /* UIViewController+MMDrawerController.h */ = {isa = PBXFileReference; fileEncoding = 4; lastKnownFileType = sourcecode.c.h; path = "UIViewController+MMDrawerController.h"; sourceTree = "<group>"; };
		CC11414118D9749F00A57278 /* UIViewController+MMDrawerController.m */ = {isa = PBXFileReference; fileEncoding = 4; lastKnownFileType = sourcecode.c.objc; path = "UIViewController+MMDrawerController.m"; sourceTree = "<group>"; };
		CC11414618D9835400A57278 /* CSNavigationController.h */ = {isa = PBXFileReference; fileEncoding = 4; lastKnownFileType = sourcecode.c.h; path = CSNavigationController.h; sourceTree = "<group>"; };
		CC11414718D9835400A57278 /* CSNavigationController.m */ = {isa = PBXFileReference; fileEncoding = 4; lastKnownFileType = sourcecode.c.objc; path = CSNavigationController.m; sourceTree = "<group>"; };
		CC11414918D98FC300A57278 /* CSDrawerVisualStateManager.h */ = {isa = PBXFileReference; fileEncoding = 4; lastKnownFileType = sourcecode.c.h; path = CSDrawerVisualStateManager.h; sourceTree = "<group>"; };
		CC11414A18D98FC300A57278 /* CSDrawerVisualStateManager.m */ = {isa = PBXFileReference; fileEncoding = 4; lastKnownFileType = sourcecode.c.objc; path = CSDrawerVisualStateManager.m; sourceTree = "<group>"; };
		CC30ABB918DFDE07000D9BB9 /* CSLoginViewController.h */ = {isa = PBXFileReference; fileEncoding = 4; lastKnownFileType = sourcecode.c.h; path = CSLoginViewController.h; sourceTree = "<group>"; };
		CC30ABBA18DFDE07000D9BB9 /* CSLoginViewController.m */ = {isa = PBXFileReference; fileEncoding = 4; lastKnownFileType = sourcecode.c.objc; path = CSLoginViewController.m; sourceTree = "<group>"; };
		CC30ABBC18DFDE37000D9BB9 /* CSRegisterViewController.h */ = {isa = PBXFileReference; fileEncoding = 4; lastKnownFileType = sourcecode.c.h; path = CSRegisterViewController.h; sourceTree = "<group>"; };
		CC30ABBD18DFDE37000D9BB9 /* CSRegisterViewController.m */ = {isa = PBXFileReference; fileEncoding = 4; lastKnownFileType = sourcecode.c.objc; path = CSRegisterViewController.m; sourceTree = "<group>"; };
		CC30ABC018DFFD5C000D9BB9 /* AFHTTPRequestOperation.h */ = {isa = PBXFileReference; fileEncoding = 4; lastKnownFileType = sourcecode.c.h; path = AFHTTPRequestOperation.h; sourceTree = "<group>"; };
		CC30ABC118DFFD5C000D9BB9 /* AFHTTPRequestOperation.m */ = {isa = PBXFileReference; fileEncoding = 4; lastKnownFileType = sourcecode.c.objc; path = AFHTTPRequestOperation.m; sourceTree = "<group>"; };
		CC30ABC218DFFD5C000D9BB9 /* AFHTTPRequestOperationManager.h */ = {isa = PBXFileReference; fileEncoding = 4; lastKnownFileType = sourcecode.c.h; path = AFHTTPRequestOperationManager.h; sourceTree = "<group>"; };
		CC30ABC318DFFD5C000D9BB9 /* AFHTTPRequestOperationManager.m */ = {isa = PBXFileReference; fileEncoding = 4; lastKnownFileType = sourcecode.c.objc; path = AFHTTPRequestOperationManager.m; sourceTree = "<group>"; };
		CC30ABC418DFFD5C000D9BB9 /* AFHTTPSessionManager.h */ = {isa = PBXFileReference; fileEncoding = 4; lastKnownFileType = sourcecode.c.h; path = AFHTTPSessionManager.h; sourceTree = "<group>"; };
		CC30ABC518DFFD5C000D9BB9 /* AFHTTPSessionManager.m */ = {isa = PBXFileReference; fileEncoding = 4; lastKnownFileType = sourcecode.c.objc; path = AFHTTPSessionManager.m; sourceTree = "<group>"; };
		CC30ABC618DFFD5C000D9BB9 /* AFNetworking.h */ = {isa = PBXFileReference; fileEncoding = 4; lastKnownFileType = sourcecode.c.h; path = AFNetworking.h; sourceTree = "<group>"; };
		CC30ABC718DFFD5C000D9BB9 /* AFNetworkReachabilityManager.h */ = {isa = PBXFileReference; fileEncoding = 4; lastKnownFileType = sourcecode.c.h; path = AFNetworkReachabilityManager.h; sourceTree = "<group>"; };
		CC30ABC818DFFD5C000D9BB9 /* AFNetworkReachabilityManager.m */ = {isa = PBXFileReference; fileEncoding = 4; lastKnownFileType = sourcecode.c.objc; path = AFNetworkReachabilityManager.m; sourceTree = "<group>"; };
		CC30ABC918DFFD5C000D9BB9 /* AFSecurityPolicy.h */ = {isa = PBXFileReference; fileEncoding = 4; lastKnownFileType = sourcecode.c.h; path = AFSecurityPolicy.h; sourceTree = "<group>"; };
		CC30ABCA18DFFD5C000D9BB9 /* AFSecurityPolicy.m */ = {isa = PBXFileReference; fileEncoding = 4; lastKnownFileType = sourcecode.c.objc; path = AFSecurityPolicy.m; sourceTree = "<group>"; };
		CC30ABCB18DFFD5C000D9BB9 /* AFURLConnectionOperation.h */ = {isa = PBXFileReference; fileEncoding = 4; lastKnownFileType = sourcecode.c.h; path = AFURLConnectionOperation.h; sourceTree = "<group>"; };
		CC30ABCC18DFFD5C000D9BB9 /* AFURLConnectionOperation.m */ = {isa = PBXFileReference; fileEncoding = 4; lastKnownFileType = sourcecode.c.objc; path = AFURLConnectionOperation.m; sourceTree = "<group>"; };
		CC30ABCD18DFFD5C000D9BB9 /* AFURLRequestSerialization.h */ = {isa = PBXFileReference; fileEncoding = 4; lastKnownFileType = sourcecode.c.h; path = AFURLRequestSerialization.h; sourceTree = "<group>"; };
		CC30ABCE18DFFD5C000D9BB9 /* AFURLRequestSerialization.m */ = {isa = PBXFileReference; fileEncoding = 4; lastKnownFileType = sourcecode.c.objc; path = AFURLRequestSerialization.m; sourceTree = "<group>"; };
		CC30ABCF18DFFD5C000D9BB9 /* AFURLResponseSerialization.h */ = {isa = PBXFileReference; fileEncoding = 4; lastKnownFileType = sourcecode.c.h; path = AFURLResponseSerialization.h; sourceTree = "<group>"; };
		CC30ABD018DFFD5C000D9BB9 /* AFURLResponseSerialization.m */ = {isa = PBXFileReference; fileEncoding = 4; lastKnownFileType = sourcecode.c.objc; path = AFURLResponseSerialization.m; sourceTree = "<group>"; };
		CC30ABD118DFFD5C000D9BB9 /* AFURLSessionManager.h */ = {isa = PBXFileReference; fileEncoding = 4; lastKnownFileType = sourcecode.c.h; path = AFURLSessionManager.h; sourceTree = "<group>"; };
		CC30ABD218DFFD5C000D9BB9 /* AFURLSessionManager.m */ = {isa = PBXFileReference; fileEncoding = 4; lastKnownFileType = sourcecode.c.objc; path = AFURLSessionManager.m; sourceTree = "<group>"; };
		CC39E77018D8324100D2F4A6 /* ChangTalk.app */ = {isa = PBXFileReference; explicitFileType = wrapper.application; includeInIndex = 0; path = ChangTalk.app; sourceTree = BUILT_PRODUCTS_DIR; };
		CC39E77318D8324100D2F4A6 /* Foundation.framework */ = {isa = PBXFileReference; lastKnownFileType = wrapper.framework; name = Foundation.framework; path = System/Library/Frameworks/Foundation.framework; sourceTree = SDKROOT; };
		CC39E77518D8324100D2F4A6 /* CoreGraphics.framework */ = {isa = PBXFileReference; lastKnownFileType = wrapper.framework; name = CoreGraphics.framework; path = System/Library/Frameworks/CoreGraphics.framework; sourceTree = SDKROOT; };
		CC39E77718D8324100D2F4A6 /* UIKit.framework */ = {isa = PBXFileReference; lastKnownFileType = wrapper.framework; name = UIKit.framework; path = System/Library/Frameworks/UIKit.framework; sourceTree = SDKROOT; };
		CC39E77B18D8324100D2F4A6 /* ChangTalk-Info.plist */ = {isa = PBXFileReference; lastKnownFileType = text.plist.xml; path = "ChangTalk-Info.plist"; sourceTree = "<group>"; };
		CC39E77D18D8324100D2F4A6 /* en */ = {isa = PBXFileReference; lastKnownFileType = text.plist.strings; name = en; path = en.lproj/InfoPlist.strings; sourceTree = "<group>"; };
		CC39E77F18D8324100D2F4A6 /* main.m */ = {isa = PBXFileReference; lastKnownFileType = sourcecode.c.objc; path = main.m; sourceTree = "<group>"; };
		CC39E78118D8324100D2F4A6 /* ChangTalk-Prefix.pch */ = {isa = PBXFileReference; lastKnownFileType = sourcecode.c.h; path = "ChangTalk-Prefix.pch"; sourceTree = "<group>"; };
		CC39E78218D8324100D2F4A6 /* AppDelegate.h */ = {isa = PBXFileReference; lastKnownFileType = sourcecode.c.h; path = AppDelegate.h; sourceTree = "<group>"; };
		CC39E78318D8324100D2F4A6 /* AppDelegate.m */ = {isa = PBXFileReference; lastKnownFileType = sourcecode.c.objc; path = AppDelegate.m; sourceTree = "<group>"; };
		CC39E78618D8324100D2F4A6 /* Base */ = {isa = PBXFileReference; lastKnownFileType = file.storyboard; name = Base; path = Base.lproj/Main.storyboard; sourceTree = "<group>"; };
		CC39E78818D8324100D2F4A6 /* ViewController.h */ = {isa = PBXFileReference; lastKnownFileType = sourcecode.c.h; path = ViewController.h; sourceTree = "<group>"; };
		CC39E78918D8324100D2F4A6 /* ViewController.m */ = {isa = PBXFileReference; lastKnownFileType = sourcecode.c.objc; path = ViewController.m; sourceTree = "<group>"; };
		CC39E78B18D8324100D2F4A6 /* Images.xcassets */ = {isa = PBXFileReference; lastKnownFileType = folder.assetcatalog; path = Images.xcassets; sourceTree = "<group>"; };
		CC39E79118D8324200D2F4A6 /* ChangTalkTests.xctest */ = {isa = PBXFileReference; explicitFileType = wrapper.cfbundle; includeInIndex = 0; path = ChangTalkTests.xctest; sourceTree = BUILT_PRODUCTS_DIR; };
		CC39E79218D8324200D2F4A6 /* XCTest.framework */ = {isa = PBXFileReference; lastKnownFileType = wrapper.framework; name = XCTest.framework; path = Library/Frameworks/XCTest.framework; sourceTree = DEVELOPER_DIR; };
		CC39E79A18D8324200D2F4A6 /* ChangTalkTests-Info.plist */ = {isa = PBXFileReference; lastKnownFileType = text.plist.xml; path = "ChangTalkTests-Info.plist"; sourceTree = "<group>"; };
		CC39E79C18D8324200D2F4A6 /* en */ = {isa = PBXFileReference; lastKnownFileType = text.plist.strings; name = en; path = en.lproj/InfoPlist.strings; sourceTree = "<group>"; };
		CC39E79E18D8324200D2F4A6 /* ChangTalkTests.m */ = {isa = PBXFileReference; lastKnownFileType = sourcecode.c.objc; path = ChangTalkTests.m; sourceTree = "<group>"; };
		CC49526518E3BC4800796020 /* CycleScrollView.h */ = {isa = PBXFileReference; fileEncoding = 4; lastKnownFileType = sourcecode.c.h; path = CycleScrollView.h; sourceTree = "<group>"; };
		CC49526618E3BC4800796020 /* CycleScrollView.m */ = {isa = PBXFileReference; fileEncoding = 4; lastKnownFileType = sourcecode.c.objc; path = CycleScrollView.m; sourceTree = "<group>"; };
		CC49526718E3BC4800796020 /* NSTimer+Addition.h */ = {isa = PBXFileReference; fileEncoding = 4; lastKnownFileType = sourcecode.c.h; path = "NSTimer+Addition.h"; sourceTree = "<group>"; };
		CC49526818E3BC4800796020 /* NSTimer+Addition.m */ = {isa = PBXFileReference; fileEncoding = 4; lastKnownFileType = sourcecode.c.objc; path = "NSTimer+Addition.m"; sourceTree = "<group>"; };
		CC49526C18E3C1C400796020 /* CSSlideSwitchView.h */ = {isa = PBXFileReference; fileEncoding = 4; lastKnownFileType = sourcecode.c.h; path = CSSlideSwitchView.h; sourceTree = "<group>"; };
		CC49526D18E3C1C400796020 /* CSSlideSwitchView.m */ = {isa = PBXFileReference; fileEncoding = 4; lastKnownFileType = sourcecode.c.objc; path = CSSlideSwitchView.m; sourceTree = "<group>"; };
		CC49527018E3C6AC00796020 /* MKAnnotationView+WebCache.h */ = {isa = PBXFileReference; fileEncoding = 4; lastKnownFileType = sourcecode.c.h; path = "MKAnnotationView+WebCache.h"; sourceTree = "<group>"; };
		CC49527118E3C6AC00796020 /* MKAnnotationView+WebCache.m */ = {isa = PBXFileReference; fileEncoding = 4; lastKnownFileType = sourcecode.c.objc; path = "MKAnnotationView+WebCache.m"; sourceTree = "<group>"; };
		CC49527218E3C6AC00796020 /* NSData+ImageContentType.h */ = {isa = PBXFileReference; fileEncoding = 4; lastKnownFileType = sourcecode.c.h; path = "NSData+ImageContentType.h"; sourceTree = "<group>"; };
		CC49527318E3C6AC00796020 /* NSData+ImageContentType.m */ = {isa = PBXFileReference; fileEncoding = 4; lastKnownFileType = sourcecode.c.objc; path = "NSData+ImageContentType.m"; sourceTree = "<group>"; };
		CC49527418E3C6AC00796020 /* SDImageCache.h */ = {isa = PBXFileReference; fileEncoding = 4; lastKnownFileType = sourcecode.c.h; path = SDImageCache.h; sourceTree = "<group>"; };
		CC49527518E3C6AC00796020 /* SDImageCache.m */ = {isa = PBXFileReference; fileEncoding = 4; lastKnownFileType = sourcecode.c.objc; path = SDImageCache.m; sourceTree = "<group>"; };
		CC49527618E3C6AC00796020 /* SDWebImageCompat.h */ = {isa = PBXFileReference; fileEncoding = 4; lastKnownFileType = sourcecode.c.h; path = SDWebImageCompat.h; sourceTree = "<group>"; };
		CC49527718E3C6AC00796020 /* SDWebImageCompat.m */ = {isa = PBXFileReference; fileEncoding = 4; lastKnownFileType = sourcecode.c.objc; path = SDWebImageCompat.m; sourceTree = "<group>"; };
		CC49527818E3C6AC00796020 /* SDWebImageDecoder.h */ = {isa = PBXFileReference; fileEncoding = 4; lastKnownFileType = sourcecode.c.h; path = SDWebImageDecoder.h; sourceTree = "<group>"; };
		CC49527918E3C6AC00796020 /* SDWebImageDecoder.m */ = {isa = PBXFileReference; fileEncoding = 4; lastKnownFileType = sourcecode.c.objc; path = SDWebImageDecoder.m; sourceTree = "<group>"; };
		CC49527A18E3C6AC00796020 /* SDWebImageDownloader.h */ = {isa = PBXFileReference; fileEncoding = 4; lastKnownFileType = sourcecode.c.h; path = SDWebImageDownloader.h; sourceTree = "<group>"; };
		CC49527B18E3C6AC00796020 /* SDWebImageDownloader.m */ = {isa = PBXFileReference; fileEncoding = 4; lastKnownFileType = sourcecode.c.objc; path = SDWebImageDownloader.m; sourceTree = "<group>"; };
		CC49527C18E3C6AC00796020 /* SDWebImageDownloaderOperation.h */ = {isa = PBXFileReference; fileEncoding = 4; lastKnownFileType = sourcecode.c.h; path = SDWebImageDownloaderOperation.h; sourceTree = "<group>"; };
		CC49527D18E3C6AC00796020 /* SDWebImageDownloaderOperation.m */ = {isa = PBXFileReference; fileEncoding = 4; lastKnownFileType = sourcecode.c.objc; path = SDWebImageDownloaderOperation.m; sourceTree = "<group>"; };
		CC49527E18E3C6AC00796020 /* SDWebImageManager.h */ = {isa = PBXFileReference; fileEncoding = 4; lastKnownFileType = sourcecode.c.h; path = SDWebImageManager.h; sourceTree = "<group>"; };
		CC49527F18E3C6AC00796020 /* SDWebImageManager.m */ = {isa = PBXFileReference; fileEncoding = 4; lastKnownFileType = sourcecode.c.objc; path = SDWebImageManager.m; sourceTree = "<group>"; };
		CC49528018E3C6AC00796020 /* SDWebImageOperation.h */ = {isa = PBXFileReference; fileEncoding = 4; lastKnownFileType = sourcecode.c.h; path = SDWebImageOperation.h; sourceTree = "<group>"; };
		CC49528118E3C6AC00796020 /* SDWebImagePrefetcher.h */ = {isa = PBXFileReference; fileEncoding = 4; lastKnownFileType = sourcecode.c.h; path = SDWebImagePrefetcher.h; sourceTree = "<group>"; };
		CC49528218E3C6AC00796020 /* SDWebImagePrefetcher.m */ = {isa = PBXFileReference; fileEncoding = 4; lastKnownFileType = sourcecode.c.objc; path = SDWebImagePrefetcher.m; sourceTree = "<group>"; };
		CC49528318E3C6AC00796020 /* UIButton+WebCache.h */ = {isa = PBXFileReference; fileEncoding = 4; lastKnownFileType = sourcecode.c.h; path = "UIButton+WebCache.h"; sourceTree = "<group>"; };
		CC49528418E3C6AC00796020 /* UIButton+WebCache.m */ = {isa = PBXFileReference; fileEncoding = 4; lastKnownFileType = sourcecode.c.objc; path = "UIButton+WebCache.m"; sourceTree = "<group>"; };
		CC49528518E3C6AC00796020 /* UIImage+GIF.h */ = {isa = PBXFileReference; fileEncoding = 4; lastKnownFileType = sourcecode.c.h; path = "UIImage+GIF.h"; sourceTree = "<group>"; };
		CC49528618E3C6AC00796020 /* UIImage+GIF.m */ = {isa = PBXFileReference; fileEncoding = 4; lastKnownFileType = sourcecode.c.objc; path = "UIImage+GIF.m"; sourceTree = "<group>"; };
		CC49528718E3C6AC00796020 /* UIImage+MultiFormat.h */ = {isa = PBXFileReference; fileEncoding = 4; lastKnownFileType = sourcecode.c.h; path = "UIImage+MultiFormat.h"; sourceTree = "<group>"; };
		CC49528818E3C6AC00796020 /* UIImage+MultiFormat.m */ = {isa = PBXFileReference; fileEncoding = 4; lastKnownFileType = sourcecode.c.objc; path = "UIImage+MultiFormat.m"; sourceTree = "<group>"; };
		CC49528918E3C6AC00796020 /* UIImage+WebP.h */ = {isa = PBXFileReference; fileEncoding = 4; lastKnownFileType = sourcecode.c.h; path = "UIImage+WebP.h"; sourceTree = "<group>"; };
		CC49528A18E3C6AC00796020 /* UIImage+WebP.m */ = {isa = PBXFileReference; fileEncoding = 4; lastKnownFileType = sourcecode.c.objc; path = "UIImage+WebP.m"; sourceTree = "<group>"; };
		CC49528B18E3C6AC00796020 /* UIImageView+WebCache.h */ = {isa = PBXFileReference; fileEncoding = 4; lastKnownFileType = sourcecode.c.h; path = "UIImageView+WebCache.h"; sourceTree = "<group>"; };
		CC49528C18E3C6AC00796020 /* UIImageView+WebCache.m */ = {isa = PBXFileReference; fileEncoding = 4; lastKnownFileType = sourcecode.c.objc; path = "UIImageView+WebCache.m"; sourceTree = "<group>"; };
		CC49529B18E3C94C00796020 /* placeholderImage.png */ = {isa = PBXFileReference; lastKnownFileType = image.png; path = placeholderImage.png; sourceTree = "<group>"; };
		CC4952BB18E4206200796020 /* CircleView.h */ = {isa = PBXFileReference; fileEncoding = 4; lastKnownFileType = sourcecode.c.h; path = CircleView.h; sourceTree = "<group>"; };
		CC4952BC18E4206200796020 /* CircleView.m */ = {isa = PBXFileReference; fileEncoding = 4; lastKnownFileType = sourcecode.c.objc; path = CircleView.m; sourceTree = "<group>"; };
		CC4952BD18E4206200796020 /* EGORefreshTableHeaderView.h */ = {isa = PBXFileReference; fileEncoding = 4; lastKnownFileType = sourcecode.c.h; path = EGORefreshTableHeaderView.h; sourceTree = "<group>"; };
		CC4952BE18E4206200796020 /* EGORefreshTableHeaderView.m */ = {isa = PBXFileReference; fileEncoding = 4; lastKnownFileType = sourcecode.c.objc; path = EGORefreshTableHeaderView.m; sourceTree = "<group>"; };
		CC4952C218E42B8A00796020 /* NSDate+TimeAgo.h */ = {isa = PBXFileReference; fileEncoding = 4; lastKnownFileType = sourcecode.c.h; path = "NSDate+TimeAgo.h"; sourceTree = "<group>"; };
		CC4952C318E42B8A00796020 /* NSDate+TimeAgo.m */ = {isa = PBXFileReference; fileEncoding = 4; lastKnownFileType = sourcecode.c.objc; path = "NSDate+TimeAgo.m"; sourceTree = "<group>"; };
		CC4952C418E42B8A00796020 /* NSDateTimeAgo.bundle */ = {isa = PBXFileReference; lastKnownFileType = "wrapper.plug-in"; path = NSDateTimeAgo.bundle; sourceTree = "<group>"; };
		CC5A742B18E53B1100A6EF32 /* NewsItem.h */ = {isa = PBXFileReference; fileEncoding = 4; lastKnownFileType = sourcecode.c.h; path = NewsItem.h; sourceTree = "<group>"; };
		CC5A742C18E53B1100A6EF32 /* NewsItem.m */ = {isa = PBXFileReference; fileEncoding = 4; lastKnownFileType = sourcecode.c.objc; path = NewsItem.m; sourceTree = "<group>"; };
		CC5A743218E552A400A6EF32 /* libicucore.dylib */ = {isa = PBXFileReference; lastKnownFileType = "compiled.mach-o.dylib"; name = libicucore.dylib; path = usr/lib/libicucore.dylib; sourceTree = SDKROOT; };
		CC6B91E218E1699400960566 /* Default-568h@2x.png */ = {isa = PBXFileReference; lastKnownFileType = image.png; path = "Default-568h@2x.png"; sourceTree = "<group>"; };
		CC6B91E418E1699400960566 /* Default@2x.png */ = {isa = PBXFileReference; lastKnownFileType = image.png; path = "Default@2x.png"; sourceTree = "<group>"; };
		CC6B91E818E175E400960566 /* Default.png */ = {isa = PBXFileReference; lastKnownFileType = image.png; path = Default.png; sourceTree = "<group>"; };
		CC6B91EA18E17DAB00960566 /* CSNewsViewController.h */ = {isa = PBXFileReference; fileEncoding = 4; lastKnownFileType = sourcecode.c.h; path = CSNewsViewController.h; sourceTree = "<group>"; };
		CC6B91EB18E17DAB00960566 /* CSNewsViewController.m */ = {isa = PBXFileReference; fileEncoding = 4; lastKnownFileType = sourcecode.c.objc; path = CSNewsViewController.m; sourceTree = "<group>"; };
		CC6BB92318E25DB4009CD9B5 /* NewsTableViewCell.h */ = {isa = PBXFileReference; fileEncoding = 4; lastKnownFileType = sourcecode.c.h; name = NewsTableViewCell.h; path = ChangTalk/Controllers/NewsTableViewCell.h; sourceTree = SOURCE_ROOT; };
		CC6BB92418E25DB4009CD9B5 /* NewsTableViewCell.m */ = {isa = PBXFileReference; fileEncoding = 4; lastKnownFileType = sourcecode.c.objc; name = NewsTableViewCell.m; path = ChangTalk/Controllers/NewsTableViewCell.m; sourceTree = SOURCE_ROOT; };
		CCCFAC6318E2B5D300EDA9FB /* AESCrypt.h */ = {isa = PBXFileReference; fileEncoding = 4; lastKnownFileType = sourcecode.c.h; path = AESCrypt.h; sourceTree = "<group>"; };
		CCCFAC6418E2B5D300EDA9FB /* AESCrypt.m */ = {isa = PBXFileReference; fileEncoding = 4; lastKnownFileType = sourcecode.c.objc; path = AESCrypt.m; sourceTree = "<group>"; };
		CCCFAC6518E2B5D300EDA9FB /* NSData+Base64.h */ = {isa = PBXFileReference; fileEncoding = 4; lastKnownFileType = sourcecode.c.h; path = "NSData+Base64.h"; sourceTree = "<group>"; };
		CCCFAC6618E2B5D300EDA9FB /* NSData+Base64.m */ = {isa = PBXFileReference; fileEncoding = 4; lastKnownFileType = sourcecode.c.objc; path = "NSData+Base64.m"; sourceTree = "<group>"; };
		CCCFAC6718E2B5D300EDA9FB /* NSData+CommonCrypto.h */ = {isa = PBXFileReference; fileEncoding = 4; lastKnownFileType = sourcecode.c.h; path = "NSData+CommonCrypto.h"; sourceTree = "<group>"; };
		CCCFAC6818E2B5D300EDA9FB /* NSData+CommonCrypto.m */ = {isa = PBXFileReference; fileEncoding = 4; lastKnownFileType = sourcecode.c.objc; path = "NSData+CommonCrypto.m"; sourceTree = "<group>"; };
		CCCFAC6918E2B5D300EDA9FB /* NSString+Base64.h */ = {isa = PBXFileReference; fileEncoding = 4; lastKnownFileType = sourcecode.c.h; path = "NSString+Base64.h"; sourceTree = "<group>"; };
		CCCFAC6A18E2B5D300EDA9FB /* NSString+Base64.m */ = {isa = PBXFileReference; fileEncoding = 4; lastKnownFileType = sourcecode.c.objc; path = "NSString+Base64.m"; sourceTree = "<group>"; };
/* End PBXFileReference section */

/* Begin PBXFrameworksBuildPhase section */
		CC39E76D18D8324100D2F4A6 /* Frameworks */ = {
			isa = PBXFrameworksBuildPhase;
			buildActionMask = 2147483647;
			files = (
				CC39E77618D8324100D2F4A6 /* CoreGraphics.framework in Frameworks */,
				CC39E77818D8324100D2F4A6 /* UIKit.framework in Frameworks */,
				CC39E77418D8324100D2F4A6 /* Foundation.framework in Frameworks */,
			);
			runOnlyForDeploymentPostprocessing = 0;
		};
		CC39E78E18D8324200D2F4A6 /* Frameworks */ = {
			isa = PBXFrameworksBuildPhase;
			buildActionMask = 2147483647;
			files = (
				CC39E79318D8324200D2F4A6 /* XCTest.framework in Frameworks */,
				CC39E79518D8324200D2F4A6 /* UIKit.framework in Frameworks */,
				CC39E79418D8324200D2F4A6 /* Foundation.framework in Frameworks */,
			);
			runOnlyForDeploymentPostprocessing = 0;
		};
/* End PBXFrameworksBuildPhase section */

/* Begin PBXGroup section */
		CC09DE0518E1150D00807925 /* Resources */ = {
			isa = PBXGroup;
			children = (
				CC49529B18E3C94C00796020 /* placeholderImage.png */,
				CC6B91E818E175E400960566 /* Default.png */,
				CC6B91E218E1699400960566 /* Default-568h@2x.png */,
				CC6B91E418E1699400960566 /* Default@2x.png */,
				CC09DE0618E1150D00807925 /* tab_line_shadow@2x.png */,
			);
			path = Resources;
			sourceTree = "<group>";
		};
		CC11412D18D9407C00A57278 /* Controllers */ = {
			isa = PBXGroup;
			children = (
				CC49526B18E3C1C400796020 /* SlideTopMenu */,
				CC49526418E3BC4800796020 /* BannerView */,
				CC11414918D98FC300A57278 /* CSDrawerVisualStateManager.h */,
				CC11414A18D98FC300A57278 /* CSDrawerVisualStateManager.m */,
				CC11412E18D9450600A57278 /* CSHomeViewController.h */,
				CC11412F18D9450600A57278 /* CSHomeViewController.m */,
				CC11413418D9743500A57278 /* CSLeftViewController.h */,
				CC11413518D9743500A57278 /* CSLeftViewController.m */,
				CC11414618D9835400A57278 /* CSNavigationController.h */,
				CC11414718D9835400A57278 /* CSNavigationController.m */,
				CC30ABB918DFDE07000D9BB9 /* CSLoginViewController.h */,
				CC30ABBA18DFDE07000D9BB9 /* CSLoginViewController.m */,
				CC30ABBC18DFDE37000D9BB9 /* CSRegisterViewController.h */,
				CC30ABBD18DFDE37000D9BB9 /* CSRegisterViewController.m */,
				CC09DE0218E10EB400807925 /* CSListViewController.h */,
				CC09DE0318E10EB400807925 /* CSListViewController.m */,
				CC6B91EA18E17DAB00960566 /* CSNewsViewController.h */,
				CC6B91EB18E17DAB00960566 /* CSNewsViewController.m */,
				CC6BB92318E25DB4009CD9B5 /* NewsTableViewCell.h */,
				CC6BB92418E25DB4009CD9B5 /* NewsTableViewCell.m */,
			);
			path = Controllers;
			sourceTree = "<group>";
		};
		CC11413718D9749F00A57278 /* Extention */ = {
			isa = PBXGroup;
			children = (
				CC4952C118E42B8A00796020 /* NSDateTimeAgo */,
				CC4952BA18E4206200796020 /* RefreshTableHeaderView */,
				CC49526F18E3C6AC00796020 /* SDWebImage */,
				CCCFAC6218E2B5D300EDA9FB /* Encrypt */,
				CC30ABBF18DFFD5C000D9BB9 /* AFNetworking */,
				CC11413818D9749F00A57278 /* MMDrawerController */,
			);
			path = Extention;
			sourceTree = "<group>";
		};
		CC11413818D9749F00A57278 /* MMDrawerController */ = {
			isa = PBXGroup;
			children = (
				CC11413918D9749F00A57278 /* MMDrawerBarButtonItem.h */,
				CC11413A18D9749F00A57278 /* MMDrawerBarButtonItem.m */,
				CC11413B18D9749F00A57278 /* MMDrawerController+Subclass.h */,
				CC11413C18D9749F00A57278 /* MMDrawerController.h */,
				CC11413D18D9749F00A57278 /* MMDrawerController.m */,
				CC11413E18D9749F00A57278 /* MMDrawerVisualState.h */,
				CC11413F18D9749F00A57278 /* MMDrawerVisualState.m */,
				CC11414018D9749F00A57278 /* UIViewController+MMDrawerController.h */,
				CC11414118D9749F00A57278 /* UIViewController+MMDrawerController.m */,
			);
			path = MMDrawerController;
			sourceTree = "<group>";
		};
		CC30ABBF18DFFD5C000D9BB9 /* AFNetworking */ = {
			isa = PBXGroup;
			children = (
				CC30ABC018DFFD5C000D9BB9 /* AFHTTPRequestOperation.h */,
				CC30ABC118DFFD5C000D9BB9 /* AFHTTPRequestOperation.m */,
				CC30ABC218DFFD5C000D9BB9 /* AFHTTPRequestOperationManager.h */,
				CC30ABC318DFFD5C000D9BB9 /* AFHTTPRequestOperationManager.m */,
				CC30ABC418DFFD5C000D9BB9 /* AFHTTPSessionManager.h */,
				CC30ABC518DFFD5C000D9BB9 /* AFHTTPSessionManager.m */,
				CC30ABC618DFFD5C000D9BB9 /* AFNetworking.h */,
				CC30ABC718DFFD5C000D9BB9 /* AFNetworkReachabilityManager.h */,
				CC30ABC818DFFD5C000D9BB9 /* AFNetworkReachabilityManager.m */,
				CC30ABC918DFFD5C000D9BB9 /* AFSecurityPolicy.h */,
				CC30ABCA18DFFD5C000D9BB9 /* AFSecurityPolicy.m */,
				CC30ABCB18DFFD5C000D9BB9 /* AFURLConnectionOperation.h */,
				CC30ABCC18DFFD5C000D9BB9 /* AFURLConnectionOperation.m */,
				CC30ABCD18DFFD5C000D9BB9 /* AFURLRequestSerialization.h */,
				CC30ABCE18DFFD5C000D9BB9 /* AFURLRequestSerialization.m */,
				CC30ABCF18DFFD5C000D9BB9 /* AFURLResponseSerialization.h */,
				CC30ABD018DFFD5C000D9BB9 /* AFURLResponseSerialization.m */,
				CC30ABD118DFFD5C000D9BB9 /* AFURLSessionManager.h */,
				CC30ABD218DFFD5C000D9BB9 /* AFURLSessionManager.m */,
			);
			path = AFNetworking;
			sourceTree = "<group>";
		};
		CC39E76718D8324100D2F4A6 = {
			isa = PBXGroup;
			children = (
				CC39E77918D8324100D2F4A6 /* ChangTalk */,
				CC39E79818D8324200D2F4A6 /* ChangTalkTests */,
				CC39E77218D8324100D2F4A6 /* Frameworks */,
				CC39E77118D8324100D2F4A6 /* Products */,
			);
			sourceTree = "<group>";
		};
		CC39E77118D8324100D2F4A6 /* Products */ = {
			isa = PBXGroup;
			children = (
				CC39E77018D8324100D2F4A6 /* ChangTalk.app */,
				CC39E79118D8324200D2F4A6 /* ChangTalkTests.xctest */,
			);
			name = Products;
			sourceTree = "<group>";
		};
		CC39E77218D8324100D2F4A6 /* Frameworks */ = {
			isa = PBXGroup;
			children = (
				CC5A743218E552A400A6EF32 /* libicucore.dylib */,
				CC39E77318D8324100D2F4A6 /* Foundation.framework */,
				CC39E77518D8324100D2F4A6 /* CoreGraphics.framework */,
				CC39E77718D8324100D2F4A6 /* UIKit.framework */,
				CC39E79218D8324200D2F4A6 /* XCTest.framework */,
			);
			name = Frameworks;
			sourceTree = "<group>";
		};
		CC39E77918D8324100D2F4A6 /* ChangTalk */ = {
			isa = PBXGroup;
			children = (
				CC11412D18D9407C00A57278 /* Controllers */,
				CC11413718D9749F00A57278 /* Extention */,
				CC5A742A18E53B1100A6EF32 /* Model */,
				CC09DE0518E1150D00807925 /* Resources */,
				CC39E78218D8324100D2F4A6 /* AppDelegate.h */,
				CC39E78318D8324100D2F4A6 /* AppDelegate.m */,
				CC39E78518D8324100D2F4A6 /* Main.storyboard */,
				CC39E78818D8324100D2F4A6 /* ViewController.h */,
				CC39E78918D8324100D2F4A6 /* ViewController.m */,
				CC39E78B18D8324100D2F4A6 /* Images.xcassets */,
				CC39E77A18D8324100D2F4A6 /* Supporting Files */,
			);
			path = ChangTalk;
			sourceTree = "<group>";
		};
		CC39E77A18D8324100D2F4A6 /* Supporting Files */ = {
			isa = PBXGroup;
			children = (
				CC39E77B18D8324100D2F4A6 /* ChangTalk-Info.plist */,
				CC39E77C18D8324100D2F4A6 /* InfoPlist.strings */,
				CC39E77F18D8324100D2F4A6 /* main.m */,
				CC39E78118D8324100D2F4A6 /* ChangTalk-Prefix.pch */,
			);
			name = "Supporting Files";
			sourceTree = "<group>";
		};
		CC39E79818D8324200D2F4A6 /* ChangTalkTests */ = {
			isa = PBXGroup;
			children = (
				CC39E79E18D8324200D2F4A6 /* ChangTalkTests.m */,
				CC39E79918D8324200D2F4A6 /* Supporting Files */,
			);
			path = ChangTalkTests;
			sourceTree = "<group>";
		};
		CC39E79918D8324200D2F4A6 /* Supporting Files */ = {
			isa = PBXGroup;
			children = (
				CC39E79A18D8324200D2F4A6 /* ChangTalkTests-Info.plist */,
				CC39E79B18D8324200D2F4A6 /* InfoPlist.strings */,
			);
			name = "Supporting Files";
			sourceTree = "<group>";
		};
		CC49526418E3BC4800796020 /* BannerView */ = {
			isa = PBXGroup;
			children = (
				CC49526518E3BC4800796020 /* CycleScrollView.h */,
				CC49526618E3BC4800796020 /* CycleScrollView.m */,
				CC49526718E3BC4800796020 /* NSTimer+Addition.h */,
				CC49526818E3BC4800796020 /* NSTimer+Addition.m */,
			);
			path = BannerView;
			sourceTree = "<group>";
		};
		CC49526B18E3C1C400796020 /* SlideTopMenu */ = {
			isa = PBXGroup;
			children = (
				CC49526C18E3C1C400796020 /* CSSlideSwitchView.h */,
				CC49526D18E3C1C400796020 /* CSSlideSwitchView.m */,
			);
			path = SlideTopMenu;
			sourceTree = "<group>";
		};
		CC49526F18E3C6AC00796020 /* SDWebImage */ = {
			isa = PBXGroup;
			children = (
				CC49527018E3C6AC00796020 /* MKAnnotationView+WebCache.h */,
				CC49527118E3C6AC00796020 /* MKAnnotationView+WebCache.m */,
				CC49527218E3C6AC00796020 /* NSData+ImageContentType.h */,
				CC49527318E3C6AC00796020 /* NSData+ImageContentType.m */,
				CC49527418E3C6AC00796020 /* SDImageCache.h */,
				CC49527518E3C6AC00796020 /* SDImageCache.m */,
				CC49527618E3C6AC00796020 /* SDWebImageCompat.h */,
				CC49527718E3C6AC00796020 /* SDWebImageCompat.m */,
				CC49527818E3C6AC00796020 /* SDWebImageDecoder.h */,
				CC49527918E3C6AC00796020 /* SDWebImageDecoder.m */,
				CC49527A18E3C6AC00796020 /* SDWebImageDownloader.h */,
				CC49527B18E3C6AC00796020 /* SDWebImageDownloader.m */,
				CC49527C18E3C6AC00796020 /* SDWebImageDownloaderOperation.h */,
				CC49527D18E3C6AC00796020 /* SDWebImageDownloaderOperation.m */,
				CC49527E18E3C6AC00796020 /* SDWebImageManager.h */,
				CC49527F18E3C6AC00796020 /* SDWebImageManager.m */,
				CC49528018E3C6AC00796020 /* SDWebImageOperation.h */,
				CC49528118E3C6AC00796020 /* SDWebImagePrefetcher.h */,
				CC49528218E3C6AC00796020 /* SDWebImagePrefetcher.m */,
				CC49528318E3C6AC00796020 /* UIButton+WebCache.h */,
				CC49528418E3C6AC00796020 /* UIButton+WebCache.m */,
				CC49528518E3C6AC00796020 /* UIImage+GIF.h */,
				CC49528618E3C6AC00796020 /* UIImage+GIF.m */,
				CC49528718E3C6AC00796020 /* UIImage+MultiFormat.h */,
				CC49528818E3C6AC00796020 /* UIImage+MultiFormat.m */,
				CC49528918E3C6AC00796020 /* UIImage+WebP.h */,
				CC49528A18E3C6AC00796020 /* UIImage+WebP.m */,
				CC49528B18E3C6AC00796020 /* UIImageView+WebCache.h */,
				CC49528C18E3C6AC00796020 /* UIImageView+WebCache.m */,
			);
			path = SDWebImage;
			sourceTree = "<group>";
		};
		CC4952BA18E4206200796020 /* RefreshTableHeaderView */ = {
			isa = PBXGroup;
			children = (
				CC4952BB18E4206200796020 /* CircleView.h */,
				CC4952BC18E4206200796020 /* CircleView.m */,
				CC4952BD18E4206200796020 /* EGORefreshTableHeaderView.h */,
				CC4952BE18E4206200796020 /* EGORefreshTableHeaderView.m */,
			);
			path = RefreshTableHeaderView;
			sourceTree = "<group>";
		};
		CC4952C118E42B8A00796020 /* NSDateTimeAgo */ = {
			isa = PBXGroup;
			children = (
				CC4952C218E42B8A00796020 /* NSDate+TimeAgo.h */,
				CC4952C318E42B8A00796020 /* NSDate+TimeAgo.m */,
				CC4952C418E42B8A00796020 /* NSDateTimeAgo.bundle */,
			);
			path = NSDateTimeAgo;
			sourceTree = "<group>";
		};
		CC5A742A18E53B1100A6EF32 /* Model */ = {
			isa = PBXGroup;
			children = (
				CC5A742B18E53B1100A6EF32 /* NewsItem.h */,
				CC5A742C18E53B1100A6EF32 /* NewsItem.m */,
			);
			path = Model;
			sourceTree = "<group>";
		};
		CCCFAC6218E2B5D300EDA9FB /* Encrypt */ = {
			isa = PBXGroup;
			children = (
				CCCFAC6318E2B5D300EDA9FB /* AESCrypt.h */,
				CCCFAC6418E2B5D300EDA9FB /* AESCrypt.m */,
				CCCFAC6518E2B5D300EDA9FB /* NSData+Base64.h */,
				CCCFAC6618E2B5D300EDA9FB /* NSData+Base64.m */,
				CCCFAC6718E2B5D300EDA9FB /* NSData+CommonCrypto.h */,
				CCCFAC6818E2B5D300EDA9FB /* NSData+CommonCrypto.m */,
				CCCFAC6918E2B5D300EDA9FB /* NSString+Base64.h */,
				CCCFAC6A18E2B5D300EDA9FB /* NSString+Base64.m */,
			);
			path = Encrypt;
			sourceTree = "<group>";
		};
/* End PBXGroup section */

/* Begin PBXNativeTarget section */
		CC39E76F18D8324100D2F4A6 /* ChangTalk */ = {
			isa = PBXNativeTarget;
			buildConfigurationList = CC39E7A218D8324200D2F4A6 /* Build configuration list for PBXNativeTarget "ChangTalk" */;
			buildPhases = (
				CC39E76C18D8324100D2F4A6 /* Sources */,
				CC39E76D18D8324100D2F4A6 /* Frameworks */,
				CC39E76E18D8324100D2F4A6 /* Resources */,
			);
			buildRules = (
			);
			dependencies = (
			);
			name = ChangTalk;
			productName = ChangTalk;
			productReference = CC39E77018D8324100D2F4A6 /* ChangTalk.app */;
			productType = "com.apple.product-type.application";
		};
		CC39E79018D8324200D2F4A6 /* ChangTalkTests */ = {
			isa = PBXNativeTarget;
			buildConfigurationList = CC39E7A518D8324200D2F4A6 /* Build configuration list for PBXNativeTarget "ChangTalkTests" */;
			buildPhases = (
				CC39E78D18D8324200D2F4A6 /* Sources */,
				CC39E78E18D8324200D2F4A6 /* Frameworks */,
				CC39E78F18D8324200D2F4A6 /* Resources */,
			);
			buildRules = (
			);
			dependencies = (
				CC39E79718D8324200D2F4A6 /* PBXTargetDependency */,
			);
			name = ChangTalkTests;
			productName = ChangTalkTests;
			productReference = CC39E79118D8324200D2F4A6 /* ChangTalkTests.xctest */;
			productType = "com.apple.product-type.bundle.unit-test";
		};
/* End PBXNativeTarget section */

/* Begin PBXProject section */
		CC39E76818D8324100D2F4A6 /* Project object */ = {
			isa = PBXProject;
			attributes = {
				LastUpgradeCheck = 0510;
				ORGANIZATIONNAME = ctkj;
				TargetAttributes = {
					CC39E79018D8324200D2F4A6 = {
						TestTargetID = CC39E76F18D8324100D2F4A6;
					};
				};
			};
			buildConfigurationList = CC39E76B18D8324100D2F4A6 /* Build configuration list for PBXProject "ChangTalk" */;
			compatibilityVersion = "Xcode 3.2";
			developmentRegion = English;
			hasScannedForEncodings = 0;
			knownRegions = (
				en,
				Base,
			);
			mainGroup = CC39E76718D8324100D2F4A6;
			productRefGroup = CC39E77118D8324100D2F4A6 /* Products */;
			projectDirPath = "";
			projectRoot = "";
			targets = (
				CC39E76F18D8324100D2F4A6 /* ChangTalk */,
				CC39E79018D8324200D2F4A6 /* ChangTalkTests */,
			);
		};
/* End PBXProject section */

/* Begin PBXResourcesBuildPhase section */
		CC39E76E18D8324100D2F4A6 /* Resources */ = {
			isa = PBXResourcesBuildPhase;
			buildActionMask = 2147483647;
			files = (
				CC39E78C18D8324100D2F4A6 /* Images.xcassets in Resources */,
				CC39E77E18D8324100D2F4A6 /* InfoPlist.strings in Resources */,
				CC09DE0718E1150D00807925 /* tab_line_shadow@2x.png in Resources */,
				CC6B91E518E1699400960566 /* Default-568h@2x.png in Resources */,
				CC6B91E918E175E400960566 /* Default.png in Resources */,
				CC49529C18E3C94C00796020 /* placeholderImage.png in Resources */,
				CC4952C618E42B8A00796020 /* NSDateTimeAgo.bundle in Resources */,
				CC6B91E718E1699400960566 /* Default@2x.png in Resources */,
				CC39E78718D8324100D2F4A6 /* Main.storyboard in Resources */,
			);
			runOnlyForDeploymentPostprocessing = 0;
		};
		CC39E78F18D8324200D2F4A6 /* Resources */ = {
			isa = PBXResourcesBuildPhase;
			buildActionMask = 2147483647;
			files = (
				CC39E79D18D8324200D2F4A6 /* InfoPlist.strings in Resources */,
			);
			runOnlyForDeploymentPostprocessing = 0;
		};
/* End PBXResourcesBuildPhase section */

/* Begin PBXSourcesBuildPhase section */
		CC39E76C18D8324100D2F4A6 /* Sources */ = {
			isa = PBXSourcesBuildPhase;
			buildActionMask = 2147483647;
			files = (
				CC4952C518E42B8A00796020 /* NSDate+TimeAgo.m in Sources */,
				CC39E78A18D8324100D2F4A6 /* ViewController.m in Sources */,
				CC39E78418D8324100D2F4A6 /* AppDelegate.m in Sources */,
				CC49526E18E3C1C400796020 /* CSSlideSwitchView.m in Sources */,
				CC30ABD418DFFD5C000D9BB9 /* AFHTTPRequestOperationManager.m in Sources */,
				CC11414318D9749F00A57278 /* MMDrawerController.m in Sources */,
				CC30ABD818DFFD5C000D9BB9 /* AFURLConnectionOperation.m in Sources */,
				CC49526A18E3BC4800796020 /* NSTimer+Addition.m in Sources */,
				CC49529618E3C6AC00796020 /* UIButton+WebCache.m in Sources */,
				CC11414818D9835400A57278 /* CSNavigationController.m in Sources */,
				CC11414B18D98FC300A57278 /* CSDrawerVisualStateManager.m in Sources */,
				CC30ABD918DFFD5C000D9BB9 /* AFURLRequestSerialization.m in Sources */,
				CC49529718E3C6AC00796020 /* UIImage+GIF.m in Sources */,
				CC4952C018E4206200796020 /* EGORefreshTableHeaderView.m in Sources */,
				CC4952BF18E4206200796020 /* CircleView.m in Sources */,
				CC49529518E3C6AC00796020 /* SDWebImagePrefetcher.m in Sources */,
				CC11414518D9749F00A57278 /* UIViewController+MMDrawerController.m in Sources */,
				CC30ABD518DFFD5C000D9BB9 /* AFHTTPSessionManager.m in Sources */,
				CC30ABD318DFFD5C000D9BB9 /* AFHTTPRequestOperation.m in Sources */,
				CC49529018E3C6AC00796020 /* SDWebImageCompat.m in Sources */,
				CC49529218E3C6AC00796020 /* SDWebImageDownloader.m in Sources */,
				CC49529318E3C6AC00796020 /* SDWebImageDownloaderOperation.m in Sources */,
				CC49529118E3C6AC00796020 /* SDWebImageDecoder.m in Sources */,
				CC49529418E3C6AC00796020 /* SDWebImageManager.m in Sources */,
				CC6B91EC18E17DAB00960566 /* CSNewsViewController.m in Sources */,
				CC30ABBE18DFDE37000D9BB9 /* CSRegisterViewController.m in Sources */,
				CC30ABD718DFFD5C000D9BB9 /* AFSecurityPolicy.m in Sources */,
				CC11414418D9749F00A57278 /* MMDrawerVisualState.m in Sources */,
				CCCFAC6B18E2B5D300EDA9FB /* AESCrypt.m in Sources */,
				CCCFAC6C18E2B5D300EDA9FB /* NSData+Base64.m in Sources */,
				CC30ABD618DFFD5C000D9BB9 /* AFNetworkReachabilityManager.m in Sources */,
				CC30ABDB18DFFD5C000D9BB9 /* AFURLSessionManager.m in Sources */,
				CC39E78018D8324100D2F4A6 /* main.m in Sources */,
				CC09DE0418E10EB400807925 /* CSListViewController.m in Sources */,
				CC49528D18E3C6AC00796020 /* MKAnnotationView+WebCache.m in Sources */,
				CC49529818E3C6AC00796020 /* UIImage+MultiFormat.m in Sources */,
				CC30ABBB18DFDE07000D9BB9 /* CSLoginViewController.m in Sources */,
				CCCFAC6D18E2B5D300EDA9FB /* NSData+CommonCrypto.m in Sources */,
				CC49528E18E3C6AC00796020 /* NSData+ImageContentType.m in Sources */,
				CCCFAC6E18E2B5D300EDA9FB /* NSString+Base64.m in Sources */,
				CC49529918E3C6AC00796020 /* UIImage+WebP.m in Sources */,
				CC11413018D9450600A57278 /* CSHomeViewController.m in Sources */,
				CC49526918E3BC4800796020 /* CycleScrollView.m in Sources */,
				CC5A742D18E53B1100A6EF32 /* NewsItem.m in Sources */,
				CC11413618D9743500A57278 /* CSLeftViewController.m in Sources */,
				CC30ABDA18DFFD5C000D9BB9 /* AFURLResponseSerialization.m in Sources */,
				CC6BB92618E25DB4009CD9B5 /* NewsTableViewCell.m in Sources */,
				CC11414218D9749F00A57278 /* MMDrawerBarButtonItem.m in Sources */,
				CC49529A18E3C6AC00796020 /* UIImageView+WebCache.m in Sources */,
				CC49528F18E3C6AC00796020 /* SDImageCache.m in Sources */,
			);
			runOnlyForDeploymentPostprocessing = 0;
		};
		CC39E78D18D8324200D2F4A6 /* Sources */ = {
			isa = PBXSourcesBuildPhase;
			buildActionMask = 2147483647;
			files = (
				CC39E79F18D8324200D2F4A6 /* ChangTalkTests.m in Sources */,
			);
			runOnlyForDeploymentPostprocessing = 0;
		};
/* End PBXSourcesBuildPhase section */

/* Begin PBXTargetDependency section */
		CC39E79718D8324200D2F4A6 /* PBXTargetDependency */ = {
			isa = PBXTargetDependency;
			target = CC39E76F18D8324100D2F4A6 /* ChangTalk */;
			targetProxy = CC39E79618D8324200D2F4A6 /* PBXContainerItemProxy */;
		};
/* End PBXTargetDependency section */

/* Begin PBXVariantGroup section */
		CC39E77C18D8324100D2F4A6 /* InfoPlist.strings */ = {
			isa = PBXVariantGroup;
			children = (
				CC39E77D18D8324100D2F4A6 /* en */,
			);
			name = InfoPlist.strings;
			sourceTree = "<group>";
		};
		CC39E78518D8324100D2F4A6 /* Main.storyboard */ = {
			isa = PBXVariantGroup;
			children = (
				CC39E78618D8324100D2F4A6 /* Base */,
			);
			name = Main.storyboard;
			sourceTree = "<group>";
		};
		CC39E79B18D8324200D2F4A6 /* InfoPlist.strings */ = {
			isa = PBXVariantGroup;
			children = (
				CC39E79C18D8324200D2F4A6 /* en */,
			);
			name = InfoPlist.strings;
			sourceTree = "<group>";
		};
/* End PBXVariantGroup section */

/* Begin XCBuildConfiguration section */
		CC39E7A018D8324200D2F4A6 /* Debug */ = {
			isa = XCBuildConfiguration;
			buildSettings = {
				ALWAYS_SEARCH_USER_PATHS = NO;
				CLANG_CXX_LANGUAGE_STANDARD = "gnu++0x";
				CLANG_CXX_LIBRARY = "libc++";
				CLANG_ENABLE_MODULES = YES;
				CLANG_ENABLE_OBJC_ARC = YES;
				CLANG_WARN_BOOL_CONVERSION = YES;
				CLANG_WARN_CONSTANT_CONVERSION = YES;
				CLANG_WARN_DIRECT_OBJC_ISA_USAGE = YES_ERROR;
				CLANG_WARN_EMPTY_BODY = YES;
				CLANG_WARN_ENUM_CONVERSION = YES;
				CLANG_WARN_INT_CONVERSION = YES;
				CLANG_WARN_OBJC_ROOT_CLASS = YES_ERROR;
				CLANG_WARN__DUPLICATE_METHOD_MATCH = YES;
				"CODE_SIGN_IDENTITY[sdk=iphoneos*]" = "iPhone Developer";
				COPY_PHASE_STRIP = NO;
				GCC_C_LANGUAGE_STANDARD = gnu99;
				GCC_DYNAMIC_NO_PIC = NO;
				GCC_OPTIMIZATION_LEVEL = 0;
				GCC_PREPROCESSOR_DEFINITIONS = (
					"DEBUG=1",
					"$(inherited)",
				);
				GCC_SYMBOLS_PRIVATE_EXTERN = NO;
				GCC_WARN_64_TO_32_BIT_CONVERSION = YES;
				GCC_WARN_ABOUT_RETURN_TYPE = YES_ERROR;
				GCC_WARN_UNDECLARED_SELECTOR = YES;
				GCC_WARN_UNINITIALIZED_AUTOS = YES_AGGRESSIVE;
				GCC_WARN_UNUSED_FUNCTION = YES;
				GCC_WARN_UNUSED_VARIABLE = YES;
				IPHONEOS_DEPLOYMENT_TARGET = 6.1;
				ONLY_ACTIVE_ARCH = YES;
				SDKROOT = iphoneos;
			};
			name = Debug;
		};
		CC39E7A118D8324200D2F4A6 /* Release */ = {
			isa = XCBuildConfiguration;
			buildSettings = {
				ALWAYS_SEARCH_USER_PATHS = NO;
				CLANG_CXX_LANGUAGE_STANDARD = "gnu++0x";
				CLANG_CXX_LIBRARY = "libc++";
				CLANG_ENABLE_MODULES = YES;
				CLANG_ENABLE_OBJC_ARC = YES;
				CLANG_WARN_BOOL_CONVERSION = YES;
				CLANG_WARN_CONSTANT_CONVERSION = YES;
				CLANG_WARN_DIRECT_OBJC_ISA_USAGE = YES_ERROR;
				CLANG_WARN_EMPTY_BODY = YES;
				CLANG_WARN_ENUM_CONVERSION = YES;
				CLANG_WARN_INT_CONVERSION = YES;
				CLANG_WARN_OBJC_ROOT_CLASS = YES_ERROR;
				CLANG_WARN__DUPLICATE_METHOD_MATCH = YES;
				"CODE_SIGN_IDENTITY[sdk=iphoneos*]" = "iPhone Developer";
				COPY_PHASE_STRIP = YES;
				ENABLE_NS_ASSERTIONS = NO;
				GCC_C_LANGUAGE_STANDARD = gnu99;
				GCC_WARN_64_TO_32_BIT_CONVERSION = YES;
				GCC_WARN_ABOUT_RETURN_TYPE = YES_ERROR;
				GCC_WARN_UNDECLARED_SELECTOR = YES;
				GCC_WARN_UNINITIALIZED_AUTOS = YES_AGGRESSIVE;
				GCC_WARN_UNUSED_FUNCTION = YES;
				GCC_WARN_UNUSED_VARIABLE = YES;
				IPHONEOS_DEPLOYMENT_TARGET = 6.1;
				SDKROOT = iphoneos;
				VALIDATE_PRODUCT = YES;
			};
			name = Release;
		};
		CC39E7A318D8324200D2F4A6 /* Debug */ = {
			isa = XCBuildConfiguration;
			buildSettings = {
				ASSETCATALOG_COMPILER_APPICON_NAME = AppIcon;
				ASSETCATALOG_COMPILER_LAUNCHIMAGE_NAME = LaunchImage;
				CODE_SIGN_IDENTITY = "iPhone Developer";
				GCC_PRECOMPILE_PREFIX_HEADER = YES;
				GCC_PREFIX_HEADER = "ChangTalk/ChangTalk-Prefix.pch";
				INFOPLIST_FILE = "ChangTalk/ChangTalk-Info.plist";
				PRODUCT_NAME = "$(TARGET_NAME)";
				WRAPPER_EXTENSION = app;
			};
			name = Debug;
		};
		CC39E7A418D8324200D2F4A6 /* Release */ = {
			isa = XCBuildConfiguration;
			buildSettings = {
				ASSETCATALOG_COMPILER_APPICON_NAME = AppIcon;
				ASSETCATALOG_COMPILER_LAUNCHIMAGE_NAME = LaunchImage;
				CODE_SIGN_IDENTITY = "iPhone Developer";
				GCC_PRECOMPILE_PREFIX_HEADER = YES;
				GCC_PREFIX_HEADER = "ChangTalk/ChangTalk-Prefix.pch";
				INFOPLIST_FILE = "ChangTalk/ChangTalk-Info.plist";
				PRODUCT_NAME = "$(TARGET_NAME)";
				WRAPPER_EXTENSION = app;
			};
			name = Release;
		};
		CC39E7A618D8324200D2F4A6 /* Debug */ = {
			isa = XCBuildConfiguration;
			buildSettings = {
				BUNDLE_LOADER = "$(BUILT_PRODUCTS_DIR)/ChangTalk.app/ChangTalk";
				FRAMEWORK_SEARCH_PATHS = (
					"$(SDKROOT)/Developer/Library/Frameworks",
					"$(inherited)",
					"$(DEVELOPER_FRAMEWORKS_DIR)",
				);
				GCC_PRECOMPILE_PREFIX_HEADER = YES;
				GCC_PREFIX_HEADER = "ChangTalk/ChangTalk-Prefix.pch";
				GCC_PREPROCESSOR_DEFINITIONS = (
					"DEBUG=1",
					"$(inherited)",
				);
				INFOPLIST_FILE = "ChangTalkTests/ChangTalkTests-Info.plist";
				PRODUCT_NAME = "$(TARGET_NAME)";
				TEST_HOST = "$(BUNDLE_LOADER)";
				WRAPPER_EXTENSION = xctest;
			};
			name = Debug;
		};
		CC39E7A718D8324200D2F4A6 /* Release */ = {
			isa = XCBuildConfiguration;
			buildSettings = {
				BUNDLE_LOADER = "$(BUILT_PRODUCTS_DIR)/ChangTalk.app/ChangTalk";
				FRAMEWORK_SEARCH_PATHS = (
					"$(SDKROOT)/Developer/Library/Frameworks",
					"$(inherited)",
					"$(DEVELOPER_FRAMEWORKS_DIR)",
				);
				GCC_PRECOMPILE_PREFIX_HEADER = YES;
				GCC_PREFIX_HEADER = "ChangTalk/ChangTalk-Prefix.pch";
				INFOPLIST_FILE = "ChangTalkTests/ChangTalkTests-Info.plist";
				PRODUCT_NAME = "$(TARGET_NAME)";
				TEST_HOST = "$(BUNDLE_LOADER)";
				WRAPPER_EXTENSION = xctest;
			};
			name = Release;
		};
/* End XCBuildConfiguration section */

/* Begin XCConfigurationList section */
		CC39E76B18D8324100D2F4A6 /* Build configuration list for PBXProject "ChangTalk" */ = {
			isa = XCConfigurationList;
			buildConfigurations = (
				CC39E7A018D8324200D2F4A6 /* Debug */,
				CC39E7A118D8324200D2F4A6 /* Release */,
			);
			defaultConfigurationIsVisible = 0;
			defaultConfigurationName = Release;
		};
		CC39E7A218D8324200D2F4A6 /* Build configuration list for PBXNativeTarget "ChangTalk" */ = {
			isa = XCConfigurationList;
			buildConfigurations = (
				CC39E7A318D8324200D2F4A6 /* Debug */,
				CC39E7A418D8324200D2F4A6 /* Release */,
			);
			defaultConfigurationIsVisible = 0;
			defaultConfigurationName = Release;
		};
		CC39E7A518D8324200D2F4A6 /* Build configuration list for PBXNativeTarget "ChangTalkTests" */ = {
			isa = XCConfigurationList;
			buildConfigurations = (
				CC39E7A618D8324200D2F4A6 /* Debug */,
				CC39E7A718D8324200D2F4A6 /* Release */,
			);
			defaultConfigurationIsVisible = 0;
			defaultConfigurationName = Release;
		};
/* End XCConfigurationList section */
	};
	rootObject = CC39E76818D8324100D2F4A6 /* Project object */;
}
